
Microsoft Visual Studio Solution File, Format Version 12.00
# Visual Studio 15
VisualStudioVersion = 15.0.27130.2026
MinimumVisualStudioVersion = 10.0.40219.1
Project("{FAE04EC0-301F-11D3-BF4B-00C04F79EFBC}") = "CVAndVacancyBase.BLL", "CVAndVacancyBase.BLL\CVAndVacancyBase.BLL.csproj", "{C9AB76D3-92A0-45C7-9019-A6EEB202966A}"
EndProject
Project("{FAE04EC0-301F-11D3-BF4B-00C04F79EFBC}") = "CVAndVacancyBase.DAL", "CVAndVacancyBase.DAL\CVAndVacancyBase.DAL.csproj", "{B3E715BC-B9CC-4753-8CCB-BE87CF9E4A60}"
EndProject
Project("{FAE04EC0-301F-11D3-BF4B-00C04F79EFBC}") = "CVAndVacancyBase", "CVAndVacancyBase\CVAndVacancyBase.csproj", "{4816FAA3-7217-4C55-88D0-F5582F7A0E89}"
EndProject
Project("{FAE04EC0-301F-11D3-BF4B-00C04F79EFBC}") = "CVAndVacancyBase.Tests", "CVAndVacancyBase.Tests\CVAndVacancyBase.Tests.csproj", "{639C88D4-A92D-4259-975A-FF487A63983A}"
EndProject
Global
	GlobalSection(SolutionConfigurationPlatforms) = preSolution
		Debug|Any CPU = Debug|Any CPU
		Release|Any CPU = Release|Any CPU
	EndGlobalSection
	GlobalSection(ProjectConfigurationPlatforms) = postSolution
		{C9AB76D3-92A0-45C7-9019-A6EEB202966A}.Debug|Any CPU.ActiveCfg = Debug|Any CPU
		{C9AB76D3-92A0-45C7-9019-A6EEB202966A}.Debug|Any CPU.Build.0 = Debug|Any CPU
		{C9AB76D3-92A0-45C7-9019-A6EEB202966A}.Release|Any CPU.ActiveCfg = Release|Any CPU
		{C9AB76D3-92A0-45C7-9019-A6EEB202966A}.Release|Any CPU.Build.0 = Release|Any CPU
		{B3E715BC-B9CC-4753-8CCB-BE87CF9E4A60}.Debug|Any CPU.ActiveCfg = Debug|Any CPU
		{B3E715BC-B9CC-4753-8CCB-BE87CF9E4A60}.Debug|Any CPU.Build.0 = Debug|Any CPU
		{B3E715BC-B9CC-4753-8CCB-BE87CF9E4A60}.Release|Any CPU.ActiveCfg = Release|Any CPU
		{B3E715BC-B9CC-4753-8CCB-BE87CF9E4A60}.Release|Any CPU.Build.0 = Release|Any CPU
		{4816FAA3-7217-4C55-88D0-F5582F7A0E89}.Debug|Any CPU.ActiveCfg = Debug|Any CPU
		{4816FAA3-7217-4C55-88D0-F5582F7A0E89}.Debug|Any CPU.Build.0 = Debug|Any CPU
		{4816FAA3-7217-4C55-88D0-F5582F7A0E89}.Release|Any CPU.ActiveCfg = Release|Any CPU
		{4816FAA3-7217-4C55-88D0-F5582F7A0E89}.Release|Any CPU.Build.0 = Release|Any CPU
		{639C88D4-A92D-4259-975A-FF487A63983A}.Debug|Any CPU.ActiveCfg = Debug|Any CPU
		{639C88D4-A92D-4259-975A-FF487A63983A}.Debug|Any CPU.Build.0 = Debug|Any CPU
		{639C88D4-A92D-4259-975A-FF487A63983A}.Release|Any CPU.ActiveCfg = Release|Any CPU
		{639C88D4-A92D-4259-975A-FF487A63983A}.Release|Any CPU.Build.0 = Release|Any CPU
	EndGlobalSection
	GlobalSection(SolutionProperties) = preSolution
		HideSolutionNode = FALSE
	EndGlobalSection
	GlobalSection(ExtensibilityGlobals) = postSolution
		SolutionGuid = {351107DC-FF23-48CD-8AD9-C741C9D28B6D}
	EndGlobalSection
EndGlobal
